// !$*UTF8*$!
{
	archiveVersion = 1;
	classes = {
	};
	objectVersion = 46;
	objects = {

/* Begin PBXBuildFile section */
		02A0F7531D6D3EC5004565A0 /* AppDelegate.swift in Sources */ = {isa = PBXBuildFile; fileRef = 02A0F7521D6D3EC5004565A0 /* AppDelegate.swift */; };
		02A0F7581D6D3EC5004565A0 /* Main.storyboard in Resources */ = {isa = PBXBuildFile; fileRef = 02A0F7561D6D3EC5004565A0 /* Main.storyboard */; };
		02A0F75A1D6D3EC5004565A0 /* Assets.xcassets in Resources */ = {isa = PBXBuildFile; fileRef = 02A0F7591D6D3EC5004565A0 /* Assets.xcassets */; };
		02A0F75D1D6D3EC5004565A0 /* LaunchScreen.storyboard in Resources */ = {isa = PBXBuildFile; fileRef = 02A0F75B1D6D3EC5004565A0 /* LaunchScreen.storyboard */; };
		02A6F6C21D6D59ED00E9FDB1 /* PlaylistTableViewController.swift in Sources */ = {isa = PBXBuildFile; fileRef = 02A6F6C11D6D59ED00E9FDB1 /* PlaylistTableViewController.swift */; };
		02A6F6C41D6D5A0400E9FDB1 /* CreatePlaylistViewController.swift in Sources */ = {isa = PBXBuildFile; fileRef = 02A6F6C31D6D5A0400E9FDB1 /* CreatePlaylistViewController.swift */; };
		02A6F6C61D6D5A1400E9FDB1 /* PlaylistTableViewCell.swift in Sources */ = {isa = PBXBuildFile; fileRef = 02A6F6C51D6D5A1400E9FDB1 /* PlaylistTableViewCell.swift */; };
		02A6F6C81D6D5A2200E9FDB1 /* AddMembersHeaderTableViewCell.swift in Sources */ = {isa = PBXBuildFile; fileRef = 02A6F6C71D6D5A2200E9FDB1 /* AddMembersHeaderTableViewCell.swift */; };
		02A6F6CA1D6D5E6900E9FDB1 /* SongDetailTableViewCell.swift in Sources */ = {isa = PBXBuildFile; fileRef = 02A6F6C91D6D5E6900E9FDB1 /* SongDetailTableViewCell.swift */; };
		02A6F6CC1D6D5E8B00E9FDB1 /* PlaylistOptionsHeaderTableViewCell.swift in Sources */ = {isa = PBXBuildFile; fileRef = 02A6F6CB1D6D5E8B00E9FDB1 /* PlaylistOptionsHeaderTableViewCell.swift */; };
		02A6F6CE1D6D5EDF00E9FDB1 /* PlaylistDetailTableViewController.swift in Sources */ = {isa = PBXBuildFile; fileRef = 02A6F6CD1D6D5EDF00E9FDB1 /* PlaylistDetailTableViewController.swift */; };
		02C9543F1D74F0A200BF6D07 /* Extensions.swift in Sources */ = {isa = PBXBuildFile; fileRef = 02C9543E1D74F0A200BF6D07 /* Extensions.swift */; };
		02CE5A781D74CFC10022029B /* Playlist.swift in Sources */ = {isa = PBXBuildFile; fileRef = 02CE5A771D74CFC10022029B /* Playlist.swift */; };
		02CE5A7B1D74CFDB0022029B /* Song.swift in Sources */ = {isa = PBXBuildFile; fileRef = 02CE5A7A1D74CFDB0022029B /* Song.swift */; };
		02CE5A7D1D74CFE10022029B /* Artist.swift in Sources */ = {isa = PBXBuildFile; fileRef = 02CE5A7C1D74CFE10022029B /* Artist.swift */; };
		02CE5A7F1D74CFE80022029B /* Album.swift in Sources */ = {isa = PBXBuildFile; fileRef = 02CE5A7E1D74CFE80022029B /* Album.swift */; };
		02CE5A811D74CFEC0022029B /* User.swift in Sources */ = {isa = PBXBuildFile; fileRef = 02CE5A801D74CFEC0022029B /* User.swift */; };
		02CE5A831D74D24B0022029B /* FirebaseController.swift in Sources */ = {isa = PBXBuildFile; fileRef = 02CE5A821D74D24B0022029B /* FirebaseController.swift */; };
		02CE5A861D74D2E30022029B /* GoogleService-Info.plist in Resources */ = {isa = PBXBuildFile; fileRef = 02CE5A851D74D2E30022029B /* GoogleService-Info.plist */; };
		94FE22C72D604D3CD0DC72C8 /* Pods_Playlist.framework in Frameworks */ = {isa = PBXBuildFile; fileRef = 6C617A198A10A55753484743 /* Pods_Playlist.framework */; };
/* End PBXBuildFile section */

/* Begin PBXFileReference section */
		02A0F74F1D6D3EC5004565A0 /* Playlist.app */ = {isa = PBXFileReference; explicitFileType = wrapper.application; includeInIndex = 0; path = Playlist.app; sourceTree = BUILT_PRODUCTS_DIR; };
		02A0F7521D6D3EC5004565A0 /* AppDelegate.swift */ = {isa = PBXFileReference; lastKnownFileType = sourcecode.swift; path = AppDelegate.swift; sourceTree = "<group>"; };
		02A0F7571D6D3EC5004565A0 /* Base */ = {isa = PBXFileReference; lastKnownFileType = file.storyboard; name = Base; path = Base.lproj/Main.storyboard; sourceTree = "<group>"; };
		02A0F7591D6D3EC5004565A0 /* Assets.xcassets */ = {isa = PBXFileReference; lastKnownFileType = folder.assetcatalog; path = Assets.xcassets; sourceTree = "<group>"; };
		02A0F75C1D6D3EC5004565A0 /* Base */ = {isa = PBXFileReference; lastKnownFileType = file.storyboard; name = Base; path = Base.lproj/LaunchScreen.storyboard; sourceTree = "<group>"; };
		02A0F75E1D6D3EC5004565A0 /* Info.plist */ = {isa = PBXFileReference; lastKnownFileType = text.plist.xml; path = Info.plist; sourceTree = "<group>"; };
		02A6F6C11D6D59ED00E9FDB1 /* PlaylistTableViewController.swift */ = {isa = PBXFileReference; fileEncoding = 4; lastKnownFileType = sourcecode.swift; path = PlaylistTableViewController.swift; sourceTree = "<group>"; };
		02A6F6C31D6D5A0400E9FDB1 /* CreatePlaylistViewController.swift */ = {isa = PBXFileReference; fileEncoding = 4; lastKnownFileType = sourcecode.swift; path = CreatePlaylistViewController.swift; sourceTree = "<group>"; };
		02A6F6C51D6D5A1400E9FDB1 /* PlaylistTableViewCell.swift */ = {isa = PBXFileReference; fileEncoding = 4; lastKnownFileType = sourcecode.swift; path = PlaylistTableViewCell.swift; sourceTree = "<group>"; };
		02A6F6C71D6D5A2200E9FDB1 /* AddMembersHeaderTableViewCell.swift */ = {isa = PBXFileReference; fileEncoding = 4; lastKnownFileType = sourcecode.swift; path = AddMembersHeaderTableViewCell.swift; sourceTree = "<group>"; };
		02A6F6C91D6D5E6900E9FDB1 /* SongDetailTableViewCell.swift */ = {isa = PBXFileReference; fileEncoding = 4; lastKnownFileType = sourcecode.swift; path = SongDetailTableViewCell.swift; sourceTree = "<group>"; };
		02A6F6CB1D6D5E8B00E9FDB1 /* PlaylistOptionsHeaderTableViewCell.swift */ = {isa = PBXFileReference; fileEncoding = 4; lastKnownFileType = sourcecode.swift; path = PlaylistOptionsHeaderTableViewCell.swift; sourceTree = "<group>"; };
		02A6F6CD1D6D5EDF00E9FDB1 /* PlaylistDetailTableViewController.swift */ = {isa = PBXFileReference; fileEncoding = 4; lastKnownFileType = sourcecode.swift; path = PlaylistDetailTableViewController.swift; sourceTree = "<group>"; };
		02C9543E1D74F0A200BF6D07 /* Extensions.swift */ = {isa = PBXFileReference; fileEncoding = 4; lastKnownFileType = sourcecode.swift; path = Extensions.swift; sourceTree = "<group>"; };
		02CE5A771D74CFC10022029B /* Playlist.swift */ = {isa = PBXFileReference; fileEncoding = 4; lastKnownFileType = sourcecode.swift; path = Playlist.swift; sourceTree = "<group>"; };
		02CE5A7A1D74CFDB0022029B /* Song.swift */ = {isa = PBXFileReference; fileEncoding = 4; lastKnownFileType = sourcecode.swift; path = Song.swift; sourceTree = "<group>"; };
		02CE5A7C1D74CFE10022029B /* Artist.swift */ = {isa = PBXFileReference; fileEncoding = 4; lastKnownFileType = sourcecode.swift; path = Artist.swift; sourceTree = "<group>"; };
		02CE5A7E1D74CFE80022029B /* Album.swift */ = {isa = PBXFileReference; fileEncoding = 4; lastKnownFileType = sourcecode.swift; path = Album.swift; sourceTree = "<group>"; };
		02CE5A801D74CFEC0022029B /* User.swift */ = {isa = PBXFileReference; fileEncoding = 4; lastKnownFileType = sourcecode.swift; path = User.swift; sourceTree = "<group>"; };
		02CE5A821D74D24B0022029B /* FirebaseController.swift */ = {isa = PBXFileReference; fileEncoding = 4; lastKnownFileType = sourcecode.swift; path = FirebaseController.swift; sourceTree = "<group>"; };
		02CE5A851D74D2E30022029B /* GoogleService-Info.plist */ = {isa = PBXFileReference; fileEncoding = 4; lastKnownFileType = text.plist.xml; path = "GoogleService-Info.plist"; sourceTree = "<group>"; };
		6C617A198A10A55753484743 /* Pods_Playlist.framework */ = {isa = PBXFileReference; explicitFileType = wrapper.framework; includeInIndex = 0; path = Pods_Playlist.framework; sourceTree = BUILT_PRODUCTS_DIR; };
		7D7AB433C4785480A17E4E97 /* Pods-Playlist.debug.xcconfig */ = {isa = PBXFileReference; includeInIndex = 1; lastKnownFileType = text.xcconfig; name = "Pods-Playlist.debug.xcconfig"; path = "Pods/Target Support Files/Pods-Playlist/Pods-Playlist.debug.xcconfig"; sourceTree = "<group>"; };
		E58DA3B7BFF52105FF35828A /* Pods-Playlist.release.xcconfig */ = {isa = PBXFileReference; includeInIndex = 1; lastKnownFileType = text.xcconfig; name = "Pods-Playlist.release.xcconfig"; path = "Pods/Target Support Files/Pods-Playlist/Pods-Playlist.release.xcconfig"; sourceTree = "<group>"; };
/* End PBXFileReference section */

/* Begin PBXFrameworksBuildPhase section */
		02A0F74C1D6D3EC5004565A0 /* Frameworks */ = {
			isa = PBXFrameworksBuildPhase;
			buildActionMask = 2147483647;
			files = (
				94FE22C72D604D3CD0DC72C8 /* Pods_Playlist.framework in Frameworks */,
			);
			runOnlyForDeploymentPostprocessing = 0;
		};
/* End PBXFrameworksBuildPhase section */

/* Begin PBXGroup section */
		02A0F7461D6D3EC5004565A0 = {
			isa = PBXGroup;
			children = (
				02A0F7511D6D3EC5004565A0 /* Playlist */,
				02A0F7501D6D3EC5004565A0 /* Products */,
				A2FC1808DA45A44EDCE6CC46 /* Pods */,
				6C05DA396A8CEB4AA5484BB7 /* Frameworks */,
			);
			sourceTree = "<group>";
		};
		02A0F7501D6D3EC5004565A0 /* Products */ = {
			isa = PBXGroup;
			children = (
				02A0F74F1D6D3EC5004565A0 /* Playlist.app */,
			);
			name = Products;
			sourceTree = "<group>";
		};
		02A0F7511D6D3EC5004565A0 /* Playlist */ = {
			isa = PBXGroup;
			children = (
				02A6F6D11D6D5F0200E9FDB1 /* IB */,
				02A6F6D01D6D5EF800E9FDB1 /* View Controllers */,
				02A6F6CF1D6D5EEA00E9FDB1 /* Table View Cells */,
				02CE5A841D74D24F0022029B /* Controllers */,
				02CE5A791D74CFCA0022029B /* Model */,
				02A6F6D21D6D5F1100E9FDB1 /* Other */,
			);
			path = Playlist;
			sourceTree = "<group>";
		};
		02A6F6CF1D6D5EEA00E9FDB1 /* Table View Cells */ = {
			isa = PBXGroup;
			children = (
				02A6F6C51D6D5A1400E9FDB1 /* PlaylistTableViewCell.swift */,
				02A6F6C71D6D5A2200E9FDB1 /* AddMembersHeaderTableViewCell.swift */,
				02A6F6CB1D6D5E8B00E9FDB1 /* PlaylistOptionsHeaderTableViewCell.swift */,
				02A6F6C91D6D5E6900E9FDB1 /* SongDetailTableViewCell.swift */,
			);
			name = "Table View Cells";
			sourceTree = "<group>";
		};
		02A6F6D01D6D5EF800E9FDB1 /* View Controllers */ = {
			isa = PBXGroup;
			children = (
				02A6F6C11D6D59ED00E9FDB1 /* PlaylistTableViewController.swift */,
				02A6F6C31D6D5A0400E9FDB1 /* CreatePlaylistViewController.swift */,
				02A6F6CD1D6D5EDF00E9FDB1 /* PlaylistDetailTableViewController.swift */,
			);
			name = "View Controllers";
			sourceTree = "<group>";
		};
		02A6F6D11D6D5F0200E9FDB1 /* IB */ = {
			isa = PBXGroup;
			children = (
				02A0F7561D6D3EC5004565A0 /* Main.storyboard */,
				02A0F75B1D6D3EC5004565A0 /* LaunchScreen.storyboard */,
			);
			name = IB;
			sourceTree = "<group>";
		};
		02A6F6D21D6D5F1100E9FDB1 /* Other */ = {
			isa = PBXGroup;
			children = (
				02A0F7521D6D3EC5004565A0 /* AppDelegate.swift */,
				02C9543E1D74F0A200BF6D07 /* Extensions.swift */,
				02A0F7591D6D3EC5004565A0 /* Assets.xcassets */,
				02A0F75E1D6D3EC5004565A0 /* Info.plist */,
				02CE5A851D74D2E30022029B /* GoogleService-Info.plist */,
			);
			name = Other;
			sourceTree = "<group>";
		};
		02CE5A791D74CFCA0022029B /* Model */ = {
			isa = PBXGroup;
			children = (
				02CE5A771D74CFC10022029B /* Playlist.swift */,
				02CE5A7A1D74CFDB0022029B /* Song.swift */,
				02CE5A7C1D74CFE10022029B /* Artist.swift */,
				02CE5A7E1D74CFE80022029B /* Album.swift */,
				02CE5A801D74CFEC0022029B /* User.swift */,
			);
			name = Model;
			sourceTree = "<group>";
		};
		02CE5A841D74D24F0022029B /* Controllers */ = {
			isa = PBXGroup;
			children = (
				02CE5A821D74D24B0022029B /* FirebaseController.swift */,
			);
			name = Controllers;
			sourceTree = "<group>";
		};
		6C05DA396A8CEB4AA5484BB7 /* Frameworks */ = {
			isa = PBXGroup;
			children = (
				6C617A198A10A55753484743 /* Pods_Playlist.framework */,
			);
			name = Frameworks;
			sourceTree = "<group>";
		};
		A2FC1808DA45A44EDCE6CC46 /* Pods */ = {
			isa = PBXGroup;
			children = (
				7D7AB433C4785480A17E4E97 /* Pods-Playlist.debug.xcconfig */,
				E58DA3B7BFF52105FF35828A /* Pods-Playlist.release.xcconfig */,
			);
			name = Pods;
			sourceTree = "<group>";
		};
/* End PBXGroup section */

/* Begin PBXNativeTarget section */
		02A0F74E1D6D3EC5004565A0 /* Playlist */ = {
			isa = PBXNativeTarget;
			buildConfigurationList = 02A0F7611D6D3EC5004565A0 /* Build configuration list for PBXNativeTarget "Playlist" */;
			buildPhases = (
				439D966DB8F24A07F9A456E3 /* [CP] Check Pods Manifest.lock */,
				02A0F74B1D6D3EC5004565A0 /* Sources */,
				02A0F74C1D6D3EC5004565A0 /* Frameworks */,
				02A0F74D1D6D3EC5004565A0 /* Resources */,
				4DF4545009BB5FFD14540830 /* [CP] Embed Pods Frameworks */,
				CCE2B84C3B42B6F6653AA106 /* [CP] Copy Pods Resources */,
			);
			buildRules = (
			);
			dependencies = (
			);
			name = Playlist;
			productName = Playlist;
			productReference = 02A0F74F1D6D3EC5004565A0 /* Playlist.app */;
			productType = "com.apple.product-type.application";
		};
/* End PBXNativeTarget section */

/* Begin PBXProject section */
		02A0F7471D6D3EC5004565A0 /* Project object */ = {
			isa = PBXProject;
			attributes = {
				LastSwiftUpdateCheck = 0730;
				LastUpgradeCheck = 0730;
				ORGANIZATIONNAME = FalconeDevelopment;
				TargetAttributes = {
					02A0F74E1D6D3EC5004565A0 = {
						CreatedOnToolsVersion = 7.3.1;
					};
				};
			};
			buildConfigurationList = 02A0F74A1D6D3EC5004565A0 /* Build configuration list for PBXProject "Playlist" */;
			compatibilityVersion = "Xcode 3.2";
			developmentRegion = English;
			hasScannedForEncodings = 0;
			knownRegions = (
				en,
				Base,
			);
			mainGroup = 02A0F7461D6D3EC5004565A0;
			productRefGroup = 02A0F7501D6D3EC5004565A0 /* Products */;
			projectDirPath = "";
			projectRoot = "";
			targets = (
				02A0F74E1D6D3EC5004565A0 /* Playlist */,
			);
		};
/* End PBXProject section */

/* Begin PBXResourcesBuildPhase section */
		02A0F74D1D6D3EC5004565A0 /* Resources */ = {
			isa = PBXResourcesBuildPhase;
			buildActionMask = 2147483647;
			files = (
				02A0F75D1D6D3EC5004565A0 /* LaunchScreen.storyboard in Resources */,
				02CE5A861D74D2E30022029B /* GoogleService-Info.plist in Resources */,
				02A0F75A1D6D3EC5004565A0 /* Assets.xcassets in Resources */,
				02A0F7581D6D3EC5004565A0 /* Main.storyboard in Resources */,
			);
			runOnlyForDeploymentPostprocessing = 0;
		};
/* End PBXResourcesBuildPhase section */

/* Begin PBXShellScriptBuildPhase section */
		439D966DB8F24A07F9A456E3 /* [CP] Check Pods Manifest.lock */ = {
			isa = PBXShellScriptBuildPhase;
			buildActionMask = 2147483647;
			files = (
			);
			inputPaths = (
			);
			name = "[CP] Check Pods Manifest.lock";
			outputPaths = (
			);
			runOnlyForDeploymentPostprocessing = 0;
			shellPath = /bin/sh;
			shellScript = "diff \"${PODS_ROOT}/../Podfile.lock\" \"${PODS_ROOT}/Manifest.lock\" > /dev/null\nif [[ $? != 0 ]] ; then\n    cat << EOM\nerror: The sandbox is not in sync with the Podfile.lock. Run 'pod install' or update your CocoaPods installation.\nEOM\n    exit 1\nfi\n";
			showEnvVarsInLog = 0;
		};
		4DF4545009BB5FFD14540830 /* [CP] Embed Pods Frameworks */ = {
			isa = PBXShellScriptBuildPhase;
			buildActionMask = 2147483647;
			files = (
			);
			inputPaths = (
			);
			name = "[CP] Embed Pods Frameworks";
			outputPaths = (
			);
			runOnlyForDeploymentPostprocessing = 0;
			shellPath = /bin/sh;
			shellScript = "\"${SRCROOT}/Pods/Target Support Files/Pods-Playlist/Pods-Playlist-frameworks.sh\"\n";
			showEnvVarsInLog = 0;
		};
		CCE2B84C3B42B6F6653AA106 /* [CP] Copy Pods Resources */ = {
			isa = PBXShellScriptBuildPhase;
			buildActionMask = 2147483647;
			files = (
			);
			inputPaths = (
			);
			name = "[CP] Copy Pods Resources";
			outputPaths = (
			);
			runOnlyForDeploymentPostprocessing = 0;
			shellPath = /bin/sh;
			shellScript = "\"${SRCROOT}/Pods/Target Support Files/Pods-Playlist/Pods-Playlist-resources.sh\"\n";
			showEnvVarsInLog = 0;
		};
/* End PBXShellScriptBuildPhase section */

/* Begin PBXSourcesBuildPhase section */
		02A0F74B1D6D3EC5004565A0 /* Sources */ = {
			isa = PBXSourcesBuildPhase;
			buildActionMask = 2147483647;
			files = (
				02CE5A811D74CFEC0022029B /* User.swift in Sources */,
				02A0F7531D6D3EC5004565A0 /* AppDelegate.swift in Sources */,
				02A6F6CA1D6D5E6900E9FDB1 /* SongDetailTableViewCell.swift in Sources */,
				02CE5A781D74CFC10022029B /* Playlist.swift in Sources */,
				02A6F6C21D6D59ED00E9FDB1 /* PlaylistTableViewController.swift in Sources */,
				02CE5A7B1D74CFDB0022029B /* Song.swift in Sources */,
				02A6F6C41D6D5A0400E9FDB1 /* CreatePlaylistViewController.swift in Sources */,
				02A6F6C81D6D5A2200E9FDB1 /* AddMembersHeaderTableViewCell.swift in Sources */,
				02CE5A831D74D24B0022029B /* FirebaseController.swift in Sources */,
				02A6F6C61D6D5A1400E9FDB1 /* PlaylistTableViewCell.swift in Sources */,
				02C9543F1D74F0A200BF6D07 /* Extensions.swift in Sources */,
				02A6F6CE1D6D5EDF00E9FDB1 /* PlaylistDetailTableViewController.swift in Sources */,
				02A6F6CC1D6D5E8B00E9FDB1 /* PlaylistOptionsHeaderTableViewCell.swift in Sources */,
				02CE5A7D1D74CFE10022029B /* Artist.swift in Sources */,
				02CE5A7F1D74CFE80022029B /* Album.swift in Sources */,
			);
			runOnlyForDeploymentPostprocessing = 0;
		};
/* End PBXSourcesBuildPhase section */

/* Begin PBXVariantGroup section */
		02A0F7561D6D3EC5004565A0 /* Main.storyboard */ = {
			isa = PBXVariantGroup;
			children = (
				02A0F7571D6D3EC5004565A0 /* Base */,
			);
			name = Main.storyboard;
			sourceTree = "<group>";
		};
		02A0F75B1D6D3EC5004565A0 /* LaunchScreen.storyboard */ = {
			isa = PBXVariantGroup;
			children = (
				02A0F75C1D6D3EC5004565A0 /* Base */,
			);
			name = LaunchScreen.storyboard;
			sourceTree = "<group>";
		};
/* End PBXVariantGroup section */

/* Begin XCBuildConfiguration section */
		02A0F75F1D6D3EC5004565A0 /* Debug */ = {
			isa = XCBuildConfiguration;
			buildSettings = {
				ALWAYS_SEARCH_USER_PATHS = NO;
				CLANG_ANALYZER_NONNULL = YES;
				CLANG_CXX_LANGUAGE_STANDARD = "gnu++0x";
				CLANG_CXX_LIBRARY = "libc++";
				CLANG_ENABLE_MODULES = YES;
				CLANG_ENABLE_OBJC_ARC = YES;
				CLANG_WARN_BOOL_CONVERSION = YES;
				CLANG_WARN_CONSTANT_CONVERSION = YES;
				CLANG_WARN_DIRECT_OBJC_ISA_USAGE = YES_ERROR;
				CLANG_WARN_EMPTY_BODY = YES;
				CLANG_WARN_ENUM_CONVERSION = YES;
				CLANG_WARN_INT_CONVERSION = YES;
				CLANG_WARN_OBJC_ROOT_CLASS = YES_ERROR;
				CLANG_WARN_UNREACHABLE_CODE = YES;
				CLANG_WARN__DUPLICATE_METHOD_MATCH = YES;
				"CODE_SIGN_IDENTITY[sdk=iphoneos*]" = "iPhone Developer";
				COPY_PHASE_STRIP = NO;
				DEBUG_INFORMATION_FORMAT = dwarf;
				ENABLE_STRICT_OBJC_MSGSEND = YES;
				ENABLE_TESTABILITY = YES;
				GCC_C_LANGUAGE_STANDARD = gnu99;
				GCC_DYNAMIC_NO_PIC = NO;
				GCC_NO_COMMON_BLOCKS = YES;
				GCC_OPTIMIZATION_LEVEL = 0;
				GCC_PREPROCESSOR_DEFINITIONS = (
					"DEBUG=1",
					"$(inherited)",
				);
				GCC_WARN_64_TO_32_BIT_CONVERSION = YES;
				GCC_WARN_ABOUT_RETURN_TYPE = YES_ERROR;
				GCC_WARN_UNDECLARED_SELECTOR = YES;
				GCC_WARN_UNINITIALIZED_AUTOS = YES_AGGRESSIVE;
				GCC_WARN_UNUSED_FUNCTION = YES;
				GCC_WARN_UNUSED_VARIABLE = YES;
				IPHONEOS_DEPLOYMENT_TARGET = 9.3;
				MTL_ENABLE_DEBUG_INFO = YES;
				ONLY_ACTIVE_ARCH = YES;
				SDKROOT = iphoneos;
				SWIFT_OPTIMIZATION_LEVEL = "-Onone";
			};
			name = Debug;
		};
		02A0F7601D6D3EC5004565A0 /* Release */ = {
			isa = XCBuildConfiguration;
			buildSettings = {
				ALWAYS_SEARCH_USER_PATHS = NO;
				CLANG_ANALYZER_NONNULL = YES;
				CLANG_CXX_LANGUAGE_STANDARD = "gnu++0x";
				CLANG_CXX_LIBRARY = "libc++";
				CLANG_ENABLE_MODULES = YES;
				CLANG_ENABLE_OBJC_ARC = YES;
				CLANG_WARN_BOOL_CONVERSION = YES;
				CLANG_WARN_CONSTANT_CONVERSION = YES;
				CLANG_WARN_DIRECT_OBJC_ISA_USAGE = YES_ERROR;
				CLANG_WARN_EMPTY_BODY = YES;
				CLANG_WARN_ENUM_CONVERSION = YES;
				CLANG_WARN_INT_CONVERSION = YES;
				CLANG_WARN_OBJC_ROOT_CLASS = YES_ERROR;
				CLANG_WARN_UNREACHABLE_CODE = YES;
				CLANG_WARN__DUPLICATE_METHOD_MATCH = YES;
				"CODE_SIGN_IDENTITY[sdk=iphoneos*]" = "iPhone Developer";
				COPY_PHASE_STRIP = NO;
				DEBUG_INFORMATION_FORMAT = "dwarf-with-dsym";
				ENABLE_NS_ASSERTIONS = NO;
				ENABLE_STRICT_OBJC_MSGSEND = YES;
				GCC_C_LANGUAGE_STANDARD = gnu99;
				GCC_NO_COMMON_BLOCKS = YES;
				GCC_WARN_64_TO_32_BIT_CONVERSION = YES;
				GCC_WARN_ABOUT_RETURN_TYPE = YES_ERROR;
				GCC_WARN_UNDECLARED_SELECTOR = YES;
				GCC_WARN_UNINITIALIZED_AUTOS = YES_AGGRESSIVE;
				GCC_WARN_UNUSED_FUNCTION = YES;
				GCC_WARN_UNUSED_VARIABLE = YES;
				IPHONEOS_DEPLOYMENT_TARGET = 9.3;
				MTL_ENABLE_DEBUG_INFO = NO;
				SDKROOT = iphoneos;
				VALIDATE_PRODUCT = YES;
			};
			name = Release;
		};
		02A0F7621D6D3EC5004565A0 /* Debug */ = {
			isa = XCBuildConfiguration;
			baseConfigurationReference = 7D7AB433C4785480A17E4E97 /* Pods-Playlist.debug.xcconfig */;
			buildSettings = {
				ASSETCATALOG_COMPILER_APPICON_NAME = AppIcon;
				INFOPLIST_FILE = Playlist/Info.plist;
				LD_RUNPATH_SEARCH_PATHS = "$(inherited) @executable_path/Frameworks";
				PRODUCT_BUNDLE_IDENTIFIER = com.FalconeDevelopment.Playlist;
				PRODUCT_NAME = "$(TARGET_NAME)";
			};
			name = Debug;
		};
		02A0F7631D6D3EC5004565A0 /* Release */ = {
			isa = XCBuildConfiguration;
			baseConfigurationReference = E58DA3B7BFF52105FF35828A /* Pods-Playlist.release.xcconfig */;
			buildSettings = {
				ASSETCATALOG_COMPILER_APPICON_NAME = AppIcon;
				INFOPLIST_FILE = Playlist/Info.plist;
				LD_RUNPATH_SEARCH_PATHS = "$(inherited) @executable_path/Frameworks";
				PRODUCT_BUNDLE_IDENTIFIER = com.FalconeDevelopment.Playlist;
				PRODUCT_NAME = "$(TARGET_NAME)";
			};
			name = Release;
		};
/* End XCBuildConfiguration section */

/* Begin XCConfigurationList section */
		02A0F74A1D6D3EC5004565A0 /* Build configuration list for PBXProject "Playlist" */ = {
			isa = XCConfigurationList;
			buildConfigurations = (
				02A0F75F1D6D3EC5004565A0 /* Debug */,
				02A0F7601D6D3EC5004565A0 /* Release */,
			);
			defaultConfigurationIsVisible = 0;
			defaultConfigurationName = Release;
		};
		02A0F7611D6D3EC5004565A0 /* Build configuration list for PBXNativeTarget "Playlist" */ = {
			isa = XCConfigurationList;
			buildConfigurations = (
				02A0F7621D6D3EC5004565A0 /* Debug */,
				02A0F7631D6D3EC5004565A0 /* Release */,
			);
			defaultConfigurationIsVisible = 0;
			defaultConfigurationName = Release;
		};
/* End XCConfigurationList section */
	};
	rootObject = 02A0F7471D6D3EC5004565A0 /* Project object */;
}
